// !$*UTF8*$!
{
	archiveVersion = 1;
	classes = {
	};
	objectVersion = 55;
	objects = {

/* Begin PBXBuildFile section */
		71101A1F281FCB3A0076CCFA /* SwiftDictionaryApp.swift in Sources */ = {isa = PBXBuildFile; fileRef = 71101A1E281FCB3A0076CCFA /* SwiftDictionaryApp.swift */; };
		71101A23281FCB3B0076CCFA /* Assets.xcassets in Resources */ = {isa = PBXBuildFile; fileRef = 71101A22281FCB3B0076CCFA /* Assets.xcassets */; };
		71101A26281FCB3B0076CCFA /* Preview Assets.xcassets in Resources */ = {isa = PBXBuildFile; fileRef = 71101A25281FCB3B0076CCFA /* Preview Assets.xcassets */; };
		71101A2D281FCC480076CCFA /* MainView.swift in Sources */ = {isa = PBXBuildFile; fileRef = 71101A2C281FCC480076CCFA /* MainView.swift */; };
		71101A3A281FCFA70076CCFA /* OnboardingView.swift in Sources */ = {isa = PBXBuildFile; fileRef = 71101A39281FCFA70076CCFA /* OnboardingView.swift */; };
		71101A3E281FD01D0076CCFA /* CurrentUser.swift in Sources */ = {isa = PBXBuildFile; fileRef = 71101A3D281FD01D0076CCFA /* CurrentUser.swift */; };
		71101A40281FD06B0076CCFA /* Bundle-Decodable.swift in Sources */ = {isa = PBXBuildFile; fileRef = 71101A3F281FD06B0076CCFA /* Bundle-Decodable.swift */; };
		71101A42281FD08B0076CCFA /* Word.json in Resources */ = {isa = PBXBuildFile; fileRef = 71101A41281FD08B0076CCFA /* Word.json */; };
		71101A4E281FD1D40076CCFA /* Words.swift in Sources */ = {isa = PBXBuildFile; fileRef = 71101A4D281FD1D40076CCFA /* Words.swift */; };
		71101A50281FD1E10076CCFA /* WordModel.swift in Sources */ = {isa = PBXBuildFile; fileRef = 71101A4F281FD1E10076CCFA /* WordModel.swift */; };
		71101A52281FD22B0076CCFA /* DictionaryViewModel.swift in Sources */ = {isa = PBXBuildFile; fileRef = 71101A51281FD22B0076CCFA /* DictionaryViewModel.swift */; };
		71101A54281FD2380076CCFA /* HomeView.swift in Sources */ = {isa = PBXBuildFile; fileRef = 71101A53281FD2380076CCFA /* HomeView.swift */; };
		71101A56281FD2410076CCFA /* AddView.swift in Sources */ = {isa = PBXBuildFile; fileRef = 71101A55281FD2410076CCFA /* AddView.swift */; };
		71101A58281FD24F0076CCFA /* WordCard.swift in Sources */ = {isa = PBXBuildFile; fileRef = 71101A57281FD24F0076CCFA /* WordCard.swift */; };
		71101A5A281FD25F0076CCFA /* WordDetailView.swift in Sources */ = {isa = PBXBuildFile; fileRef = 71101A59281FD25F0076CCFA /* WordDetailView.swift */; };
		71101A5C282009410076CCFA /* BookmarkView.swift in Sources */ = {isa = PBXBuildFile; fileRef = 71101A5B282009410076CCFA /* BookmarkView.swift */; };
/* End PBXBuildFile section */

/* Begin PBXFileReference section */
		71101A1B281FCB3A0076CCFA /* SwiftDictionary.app */ = {isa = PBXFileReference; explicitFileType = wrapper.application; includeInIndex = 0; path = SwiftDictionary.app; sourceTree = BUILT_PRODUCTS_DIR; };
		71101A1E281FCB3A0076CCFA /* SwiftDictionaryApp.swift */ = {isa = PBXFileReference; lastKnownFileType = sourcecode.swift; path = SwiftDictionaryApp.swift; sourceTree = "<group>"; };
		71101A22281FCB3B0076CCFA /* Assets.xcassets */ = {isa = PBXFileReference; lastKnownFileType = folder.assetcatalog; path = Assets.xcassets; sourceTree = "<group>"; };
		71101A25281FCB3B0076CCFA /* Preview Assets.xcassets */ = {isa = PBXFileReference; lastKnownFileType = folder.assetcatalog; path = "Preview Assets.xcassets"; sourceTree = "<group>"; };
		71101A2C281FCC480076CCFA /* MainView.swift */ = {isa = PBXFileReference; lastKnownFileType = sourcecode.swift; path = MainView.swift; sourceTree = "<group>"; };
		71101A39281FCFA70076CCFA /* OnboardingView.swift */ = {isa = PBXFileReference; lastKnownFileType = sourcecode.swift; path = OnboardingView.swift; sourceTree = "<group>"; };
		71101A3D281FD01D0076CCFA /* CurrentUser.swift */ = {isa = PBXFileReference; lastKnownFileType = sourcecode.swift; path = CurrentUser.swift; sourceTree = "<group>"; };
		71101A3F281FD06B0076CCFA /* Bundle-Decodable.swift */ = {isa = PBXFileReference; lastKnownFileType = sourcecode.swift; path = "Bundle-Decodable.swift"; sourceTree = "<group>"; };
		71101A41281FD08B0076CCFA /* Word.json */ = {isa = PBXFileReference; lastKnownFileType = text.json; path = Word.json; sourceTree = "<group>"; };
		71101A4D281FD1D40076CCFA /* Words.swift */ = {isa = PBXFileReference; lastKnownFileType = sourcecode.swift; path = Words.swift; sourceTree = "<group>"; };
		71101A4F281FD1E10076CCFA /* WordModel.swift */ = {isa = PBXFileReference; lastKnownFileType = sourcecode.swift; path = WordModel.swift; sourceTree = "<group>"; };
		71101A51281FD22B0076CCFA /* DictionaryViewModel.swift */ = {isa = PBXFileReference; lastKnownFileType = sourcecode.swift; path = DictionaryViewModel.swift; sourceTree = "<group>"; };
		71101A53281FD2380076CCFA /* HomeView.swift */ = {isa = PBXFileReference; lastKnownFileType = sourcecode.swift; path = HomeView.swift; sourceTree = "<group>"; };
		71101A55281FD2410076CCFA /* AddView.swift */ = {isa = PBXFileReference; lastKnownFileType = sourcecode.swift; path = AddView.swift; sourceTree = "<group>"; };
		71101A57281FD24F0076CCFA /* WordCard.swift */ = {isa = PBXFileReference; lastKnownFileType = sourcecode.swift; path = WordCard.swift; sourceTree = "<group>"; };
		71101A59281FD25F0076CCFA /* WordDetailView.swift */ = {isa = PBXFileReference; lastKnownFileType = sourcecode.swift; path = WordDetailView.swift; sourceTree = "<group>"; };
		71101A5B282009410076CCFA /* BookmarkView.swift */ = {isa = PBXFileReference; lastKnownFileType = sourcecode.swift; path = BookmarkView.swift; sourceTree = "<group>"; };
/* End PBXFileReference section */

/* Begin PBXFrameworksBuildPhase section */
		71101A18281FCB3A0076CCFA /* Frameworks */ = {
			isa = PBXFrameworksBuildPhase;
			buildActionMask = 2147483647;
			files = (
			);
			runOnlyForDeploymentPostprocessing = 0;
		};
/* End PBXFrameworksBuildPhase section */

/* Begin PBXGroup section */
		71101A12281FCB3A0076CCFA = {
			isa = PBXGroup;
			children = (
				71101A1D281FCB3A0076CCFA /* SwiftDictionary */,
				71101A1C281FCB3A0076CCFA /* Products */,
			);
			sourceTree = "<group>";
		};
		71101A1C281FCB3A0076CCFA /* Products */ = {
			isa = PBXGroup;
			children = (
				71101A1B281FCB3A0076CCFA /* SwiftDictionary.app */,
			);
			name = Products;
			sourceTree = "<group>";
		};
		71101A1D281FCB3A0076CCFA /* SwiftDictionary */ = {
			isa = PBXGroup;
			children = (
				71101A1E281FCB3A0076CCFA /* SwiftDictionaryApp.swift */,
				71101A44281FD0DC0076CCFA /* Screens */,
				71101A48281FD1120076CCFA /* Words */,
				71101A36281FCE530076CCFA /* Resources */,
				71101A24281FCB3B0076CCFA /* Preview Content */,
			);
			path = SwiftDictionary;
			sourceTree = "<group>";
		};
		71101A24281FCB3B0076CCFA /* Preview Content */ = {
			isa = PBXGroup;
			children = (
				71101A25281FCB3B0076CCFA /* Preview Assets.xcassets */,
			);
			path = "Preview Content";
			sourceTree = "<group>";
		};
		71101A36281FCE530076CCFA /* Resources */ = {
			isa = PBXGroup;
			children = (
				71101A3D281FD01D0076CCFA /* CurrentUser.swift */,
				71101A41281FD08B0076CCFA /* Word.json */,
				71101A22281FCB3B0076CCFA /* Assets.xcassets */,
				71101A3F281FD06B0076CCFA /* Bundle-Decodable.swift */,
			);
			path = Resources;
			sourceTree = "<group>";
		};
		71101A44281FD0DC0076CCFA /* Screens */ = {
			isa = PBXGroup;
			children = (
				71101A2C281FCC480076CCFA /* MainView.swift */,
				71101A45281FD0F20076CCFA /* Onboarding */,
			);
			path = Screens;
			sourceTree = "<group>";
		};
		71101A45281FD0F20076CCFA /* Onboarding */ = {
			isa = PBXGroup;
			children = (
				71101A39281FCFA70076CCFA /* OnboardingView.swift */,
			);
			path = Onboarding;
			sourceTree = "<group>";
		};
		71101A48281FD1120076CCFA /* Words */ = {
			isa = PBXGroup;
			children = (
				71101A49281FD1A90076CCFA /* Models */,
				71101A4A281FD1AF0076CCFA /* ViewModels */,
				71101A4C281FD1C20076CCFA /* Views */,
			);
			path = Words;
			sourceTree = "<group>";
		};
		71101A49281FD1A90076CCFA /* Models */ = {
			isa = PBXGroup;
			children = (
				71101A4D281FD1D40076CCFA /* Words.swift */,
				71101A4F281FD1E10076CCFA /* WordModel.swift */,
			);
			path = Models;
			sourceTree = "<group>";
		};
		71101A4A281FD1AF0076CCFA /* ViewModels */ = {
			isa = PBXGroup;
			children = (
				71101A51281FD22B0076CCFA /* DictionaryViewModel.swift */,
			);
			path = ViewModels;
			sourceTree = "<group>";
		};
		71101A4C281FD1C20076CCFA /* Views */ = {
			isa = PBXGroup;
			children = (
				71101A53281FD2380076CCFA /* HomeView.swift */,
				71101A55281FD2410076CCFA /* AddView.swift */,
				71101A57281FD24F0076CCFA /* WordCard.swift */,
				71101A59281FD25F0076CCFA /* WordDetailView.swift */,
				71101A5B282009410076CCFA /* BookmarkView.swift */,
			);
			path = Views;
			sourceTree = "<group>";
		};
/* End PBXGroup section */

/* Begin PBXNativeTarget section */
		71101A1A281FCB3A0076CCFA /* SwiftDictionary */ = {
			isa = PBXNativeTarget;
			buildConfigurationList = 71101A29281FCB3B0076CCFA /* Build configuration list for PBXNativeTarget "SwiftDictionary" */;
			buildPhases = (
				71101A17281FCB3A0076CCFA /* Sources */,
				71101A18281FCB3A0076CCFA /* Frameworks */,
				71101A19281FCB3A0076CCFA /* Resources */,
			);
			buildRules = (
			);
			dependencies = (
			);
			name = SwiftDictionary;
			productName = SwiftDictionary;
			productReference = 71101A1B281FCB3A0076CCFA /* SwiftDictionary.app */;
			productType = "com.apple.product-type.application";
		};
/* End PBXNativeTarget section */

/* Begin PBXProject section */
		71101A13281FCB3A0076CCFA /* Project object */ = {
			isa = PBXProject;
			attributes = {
				BuildIndependentTargetsInParallel = 1;
				LastSwiftUpdateCheck = 1330;
				LastUpgradeCheck = 1330;
				TargetAttributes = {
					71101A1A281FCB3A0076CCFA = {
						CreatedOnToolsVersion = 13.3.1;
					};
				};
			};
			buildConfigurationList = 71101A16281FCB3A0076CCFA /* Build configuration list for PBXProject "SwiftDictionary" */;
			compatibilityVersion = "Xcode 13.0";
			developmentRegion = en;
			hasScannedForEncodings = 0;
			knownRegions = (
				en,
				Base,
			);
			mainGroup = 71101A12281FCB3A0076CCFA;
			productRefGroup = 71101A1C281FCB3A0076CCFA /* Products */;
			projectDirPath = "";
			projectRoot = "";
			targets = (
				71101A1A281FCB3A0076CCFA /* SwiftDictionary */,
			);
		};
/* End PBXProject section */

/* Begin PBXResourcesBuildPhase section */
		71101A19281FCB3A0076CCFA /* Resources */ = {
			isa = PBXResourcesBuildPhase;
			buildActionMask = 2147483647;
			files = (
				71101A26281FCB3B0076CCFA /* Preview Assets.xcassets in Resources */,
				71101A23281FCB3B0076CCFA /* Assets.xcassets in Resources */,
				71101A42281FD08B0076CCFA /* Word.json in Resources */,
			);
			runOnlyForDeploymentPostprocessing = 0;
		};
/* End PBXResourcesBuildPhase section */

/* Begin PBXSourcesBuildPhase section */
		71101A17281FCB3A0076CCFA /* Sources */ = {
			isa = PBXSourcesBuildPhase;
			buildActionMask = 2147483647;
			files = (
				71101A54281FD2380076CCFA /* HomeView.swift in Sources */,
				71101A3A281FCFA70076CCFA /* OnboardingView.swift in Sources */,
				71101A56281FD2410076CCFA /* AddView.swift in Sources */,
				71101A2D281FCC480076CCFA /* MainView.swift in Sources */,
				71101A40281FD06B0076CCFA /* Bundle-Decodable.swift in Sources */,
				71101A4E281FD1D40076CCFA /* Words.swift in Sources */,
				71101A5C282009410076CCFA /* BookmarkView.swift in Sources */,
				71101A3E281FD01D0076CCFA /* CurrentUser.swift in Sources */,
				71101A50281FD1E10076CCFA /* WordModel.swift in Sources */,
				71101A58281FD24F0076CCFA /* WordCard.swift in Sources */,
				71101A5A281FD25F0076CCFA /* WordDetailView.swift in Sources */,
				71101A52281FD22B0076CCFA /* DictionaryViewModel.swift in Sources */,
				71101A1F281FCB3A0076CCFA /* SwiftDictionaryApp.swift in Sources */,
			);
			runOnlyForDeploymentPostprocessing = 0;
		};
/* End PBXSourcesBuildPhase section */

/* Begin XCBuildConfiguration section */
		71101A27281FCB3B0076CCFA /* Debug */ = {
			isa = XCBuildConfiguration;
			buildSettings = {
				ALWAYS_SEARCH_USER_PATHS = NO;
				CLANG_ANALYZER_NONNULL = YES;
				CLANG_ANALYZER_NUMBER_OBJECT_CONVERSION = YES_AGGRESSIVE;
				CLANG_CXX_LANGUAGE_STANDARD = "gnu++17";
				CLANG_ENABLE_MODULES = YES;
				CLANG_ENABLE_OBJC_ARC = YES;
				CLANG_ENABLE_OBJC_WEAK = YES;
				CLANG_WARN_BLOCK_CAPTURE_AUTORELEASING = YES;
				CLANG_WARN_BOOL_CONVERSION = YES;
				CLANG_WARN_COMMA = YES;
				CLANG_WARN_CONSTANT_CONVERSION = YES;
				CLANG_WARN_DEPRECATED_OBJC_IMPLEMENTATIONS = YES;
				CLANG_WARN_DIRECT_OBJC_ISA_USAGE = YES_ERROR;
				CLANG_WARN_DOCUMENTATION_COMMENTS = YES;
				CLANG_WARN_EMPTY_BODY = YES;
				CLANG_WARN_ENUM_CONVERSION = YES;
				CLANG_WARN_INFINITE_RECURSION = YES;
				CLANG_WARN_INT_CONVERSION = YES;
				CLANG_WARN_NON_LITERAL_NULL_CONVERSION = YES;
				CLANG_WARN_OBJC_IMPLICIT_RETAIN_SELF = YES;
				CLANG_WARN_OBJC_LITERAL_CONVERSION = YES;
				CLANG_WARN_OBJC_ROOT_CLASS = YES_ERROR;
				CLANG_WARN_QUOTED_INCLUDE_IN_FRAMEWORK_HEADER = YES;
				CLANG_WARN_RANGE_LOOP_ANALYSIS = YES;
				CLANG_WARN_STRICT_PROTOTYPES = YES;
				CLANG_WARN_SUSPICIOUS_MOVE = YES;
				CLANG_WARN_UNGUARDED_AVAILABILITY = YES_AGGRESSIVE;
				CLANG_WARN_UNREACHABLE_CODE = YES;
				CLANG_WARN__DUPLICATE_METHOD_MATCH = YES;
				COPY_PHASE_STRIP = NO;
				DEBUG_INFORMATION_FORMAT = dwarf;
				ENABLE_STRICT_OBJC_MSGSEND = YES;
				ENABLE_TESTABILITY = YES;
				GCC_C_LANGUAGE_STANDARD = gnu11;
				GCC_DYNAMIC_NO_PIC = NO;
				GCC_NO_COMMON_BLOCKS = YES;
				GCC_OPTIMIZATION_LEVEL = 0;
				GCC_PREPROCESSOR_DEFINITIONS = (
					"DEBUG=1",
					"$(inherited)",
				);
				GCC_WARN_64_TO_32_BIT_CONVERSION = YES;
				GCC_WARN_ABOUT_RETURN_TYPE = YES_ERROR;
				GCC_WARN_UNDECLARED_SELECTOR = YES;
				GCC_WARN_UNINITIALIZED_AUTOS = YES_AGGRESSIVE;
				GCC_WARN_UNUSED_FUNCTION = YES;
				GCC_WARN_UNUSED_VARIABLE = YES;
				IPHONEOS_DEPLOYMENT_TARGET = 15.4;
				MTL_ENABLE_DEBUG_INFO = INCLUDE_SOURCE;
				MTL_FAST_MATH = YES;
				ONLY_ACTIVE_ARCH = YES;
				SDKROOT = iphoneos;
				SWIFT_ACTIVE_COMPILATION_CONDITIONS = DEBUG;
				SWIFT_OPTIMIZATION_LEVEL = "-Onone";
			};
			name = Debug;
		};
		71101A28281FCB3B0076CCFA /* Release */ = {
			isa = XCBuildConfiguration;
			buildSettings = {
				ALWAYS_SEARCH_USER_PATHS = NO;
				CLANG_ANALYZER_NONNULL = YES;
				CLANG_ANALYZER_NUMBER_OBJECT_CONVERSION = YES_AGGRESSIVE;
				CLANG_CXX_LANGUAGE_STANDARD = "gnu++17";
				CLANG_ENABLE_MODULES = YES;
				CLANG_ENABLE_OBJC_ARC = YES;
				CLANG_ENABLE_OBJC_WEAK = YES;
				CLANG_WARN_BLOCK_CAPTURE_AUTORELEASING = YES;
				CLANG_WARN_BOOL_CONVERSION = YES;
				CLANG_WARN_COMMA = YES;
				CLANG_WARN_CONSTANT_CONVERSION = YES;
				CLANG_WARN_DEPRECATED_OBJC_IMPLEMENTATIONS = YES;
				CLANG_WARN_DIRECT_OBJC_ISA_USAGE = YES_ERROR;
				CLANG_WARN_DOCUMENTATION_COMMENTS = YES;
				CLANG_WARN_EMPTY_BODY = YES;
				CLANG_WARN_ENUM_CONVERSION = YES;
				CLANG_WARN_INFINITE_RECURSION = YES;
				CLANG_WARN_INT_CONVERSION = YES;
				CLANG_WARN_NON_LITERAL_NULL_CONVERSION = YES;
				CLANG_WARN_OBJC_IMPLICIT_RETAIN_SELF = YES;
				CLANG_WARN_OBJC_LITERAL_CONVERSION = YES;
				CLANG_WARN_OBJC_ROOT_CLASS = YES_ERROR;
				CLANG_WARN_QUOTED_INCLUDE_IN_FRAMEWORK_HEADER = YES;
				CLANG_WARN_RANGE_LOOP_ANALYSIS = YES;
				CLANG_WARN_STRICT_PROTOTYPES = YES;
				CLANG_WARN_SUSPICIOUS_MOVE = YES;
				CLANG_WARN_UNGUARDED_AVAILABILITY = YES_AGGRESSIVE;
				CLANG_WARN_UNREACHABLE_CODE = YES;
				CLANG_WARN__DUPLICATE_METHOD_MATCH = YES;
				COPY_PHASE_STRIP = NO;
				DEBUG_INFORMATION_FORMAT = "dwarf-with-dsym";
				ENABLE_NS_ASSERTIONS = NO;
				ENABLE_STRICT_OBJC_MSGSEND = YES;
				GCC_C_LANGUAGE_STANDARD = gnu11;
				GCC_NO_COMMON_BLOCKS = YES;
				GCC_WARN_64_TO_32_BIT_CONVERSION = YES;
				GCC_WARN_ABOUT_RETURN_TYPE = YES_ERROR;
				GCC_WARN_UNDECLARED_SELECTOR = YES;
				GCC_WARN_UNINITIALIZED_AUTOS = YES_AGGRESSIVE;
				GCC_WARN_UNUSED_FUNCTION = YES;
				GCC_WARN_UNUSED_VARIABLE = YES;
				IPHONEOS_DEPLOYMENT_TARGET = 15.4;
				MTL_ENABLE_DEBUG_INFO = NO;
				MTL_FAST_MATH = YES;
				SDKROOT = iphoneos;
				SWIFT_COMPILATION_MODE = wholemodule;
				SWIFT_OPTIMIZATION_LEVEL = "-O";
				VALIDATE_PRODUCT = YES;
			};
			name = Release;
		};
		71101A2A281FCB3B0076CCFA /* Debug */ = {
			isa = XCBuildConfiguration;
			buildSettings = {
				ASSETCATALOG_COMPILER_APPICON_NAME = AppIcon;
				ASSETCATALOG_COMPILER_GLOBAL_ACCENT_COLOR_NAME = AccentColor;
				CODE_SIGN_STYLE = Automatic;
				CURRENT_PROJECT_VERSION = 1;
				DEVELOPMENT_ASSET_PATHS = "\"SwiftDictionary/Preview Content\"";
				DEVELOPMENT_TEAM = UYQK5W3Y6T;
				ENABLE_PREVIEWS = YES;
				GENERATE_INFOPLIST_FILE = YES;
				INFOPLIST_KEY_UIApplicationSceneManifest_Generation = YES;
				INFOPLIST_KEY_UIApplicationSupportsIndirectInputEvents = YES;
				INFOPLIST_KEY_UILaunchScreen_Generation = YES;
				INFOPLIST_KEY_UIRequiredDeviceCapabilities = armv7;
				INFOPLIST_KEY_UISupportedInterfaceOrientations = UIInterfaceOrientationPortrait;
				INFOPLIST_KEY_UISupportedInterfaceOrientations_iPad = "UIInterfaceOrientationPortrait UIInterfaceOrientationPortraitUpsideDown UIInterfaceOrientationLandscapeLeft UIInterfaceOrientationLandscapeRight";
				INFOPLIST_KEY_UISupportedInterfaceOrientations_iPhone = "UIInterfaceOrientationPortrait UIInterfaceOrientationLandscapeLeft UIInterfaceOrientationLandscapeRight";
				LD_RUNPATH_SEARCH_PATHS = (
					"$(inherited)",
					"@executable_path/Frameworks",
				);
				MARKETING_VERSION = 1.0;
				PRODUCT_BUNDLE_IDENTIFIER = com.mincho.SwiftDictionary;
				PRODUCT_NAME = "$(TARGET_NAME)";
				SWIFT_EMIT_LOC_STRINGS = YES;
				SWIFT_VERSION = 5.0;
				TARGETED_DEVICE_FAMILY = "1,2";
			};
			name = Debug;
		};
		71101A2B281FCB3B0076CCFA /* Release */ = {
			isa = XCBuildConfiguration;
			buildSettings = {
				ASSETCATALOG_COMPILER_APPICON_NAME = AppIcon;
				ASSETCATALOG_COMPILER_GLOBAL_ACCENT_COLOR_NAME = AccentColor;
				CODE_SIGN_STYLE = Automatic;
				CURRENT_PROJECT_VERSION = 1;
				DEVELOPMENT_ASSET_PATHS = "\"SwiftDictionary/Preview Content\"";
				DEVELOPMENT_TEAM = UYQK5W3Y6T;
				ENABLE_PREVIEWS = YES;
				GENERATE_INFOPLIST_FILE = YES;
				INFOPLIST_KEY_UIApplicationSceneManifest_Generation = YES;
				INFOPLIST_KEY_UIApplicationSupportsIndirectInputEvents = YES;
				INFOPLIST_KEY_UILaunchScreen_Generation = YES;
				INFOPLIST_KEY_UIRequiredDeviceCapabilities = armv7;
				INFOPLIST_KEY_UISupportedInterfaceOrientations = UIInterfaceOrientationPortrait;
				INFOPLIST_KEY_UISupportedInterfaceOrientations_iPad = "UIInterfaceOrientationPortrait UIInterfaceOrientationPortraitUpsideDown UIInterfaceOrientationLandscapeLeft UIInterfaceOrientationLandscapeRight";
				INFOPLIST_KEY_UISupportedInterfaceOrientations_iPhone = "UIInterfaceOrientationPortrait UIInterfaceOrientationLandscapeLeft UIInterfaceOrientationLandscapeRight";
				LD_RUNPATH_SEARCH_PATHS = (
					"$(inherited)",
					"@executable_path/Frameworks",
				);
				MARKETING_VERSION = 1.0;
				PRODUCT_BUNDLE_IDENTIFIER = com.mincho.SwiftDictionary;
				PRODUCT_NAME = "$(TARGET_NAME)";
				SWIFT_EMIT_LOC_STRINGS = YES;
				SWIFT_VERSION = 5.0;
				TARGETED_DEVICE_FAMILY = "1,2";
			};
			name = Release;
		};
/* End XCBuildConfiguration section */

/* Begin XCConfigurationList section */
		71101A16281FCB3A0076CCFA /* Build configuration list for PBXProject "SwiftDictionary" */ = {
			isa = XCConfigurationList;
			buildConfigurations = (
				71101A27281FCB3B0076CCFA /* Debug */,
				71101A28281FCB3B0076CCFA /* Release */,
			);
			defaultConfigurationIsVisible = 0;
			defaultConfigurationName = Release;
		};
		71101A29281FCB3B0076CCFA /* Build configuration list for PBXNativeTarget "SwiftDictionary" */ = {
			isa = XCConfigurationList;
			buildConfigurations = (
				71101A2A281FCB3B0076CCFA /* Debug */,
				71101A2B281FCB3B0076CCFA /* Release */,
			);
			defaultConfigurationIsVisible = 0;
			defaultConfigurationName = Release;
		};
/* End XCConfigurationList section */
	};
	rootObject = 71101A13281FCB3A0076CCFA /* Project object */;
}
